
Microsoft Visual Studio Solution File, Format Version 12.00
# Visual Studio Version 17
VisualStudioVersion = 17.13.35919.96 d17.13
MinimumVisualStudioVersion = 10.0.40219.1
Project("{FAE04EC0-301F-11D3-BF4B-00C04F79EFBC}") = "Sänka Skeppet", "Sänka Skeppet.csproj", "{6EB6859E-D2EC-486B-B41D-6EF593F02AFB}"
EndProject
Global
	GlobalSection(SolutionConfigurationPlatforms) = preSolution
		Debug|Any CPU = Debug|Any CPU
		Release|Any CPU = Release|Any CPU
	EndGlobalSection
	GlobalSection(ProjectConfigurationPlatforms) = postSolution
		{6EB6859E-D2EC-486B-B41D-6EF593F02AFB}.Debug|Any CPU.ActiveCfg = Debug|Any CPU
		{6EB6859E-D2EC-486B-B41D-6EF593F02AFB}.Debug|Any CPU.Build.0 = Debug|Any CPU
		{6EB6859E-D2EC-486B-B41D-6EF593F02AFB}.Release|Any CPU.ActiveCfg = Release|Any CPU
		{6EB6859E-D2EC-486B-B41D-6EF593F02AFB}.Release|Any CPU.Build.0 = Release|Any CPU
	EndGlobalSection
	GlobalSection(SolutionProperties) = preSolution
		HideSolutionNode = FALSE
	EndGlobalSection
	GlobalSection(ExtensibilityGlobals) = postSolution
		SolutionGuid = {F7446F3B-8698-41A0-BB4C-12EBE9C12CFC}
	EndGlobalSection
EndGlobal
